
Microsoft Visual Studio Solution File, Format Version 12.00
# Visual Studio Version 17
VisualStudioVersion = 17.8.34322.80
MinimumVisualStudioVersion = 10.0.40219.1
Project("{8BC9CEB8-8B4A-11D0-8D11-00A0C91BC942}") = "CaesiumLib", "Caesium\Caesium.vcxproj", "{DF22B687-7D98-4035-8C21-EB5123514ECC}"
EndProject
Project("{8BC9CEB8-8B4A-11D0-8D11-00A0C91BC942}") = "Tests", "Tests\Tests.vcxproj", "{7E9D27BE-68E7-4931-AE43-26C00CAECEDF}"
EndProject
Project("{8BC9CEB8-8B4A-11D0-8D11-00A0C91BC942}") = "Run", "Run\Run.vcxproj", "{905AE6DD-3E3B-43BE-B9B3-21F2221B29E8}"
EndProject
Project("{8BC9CEB8-8B4A-11D0-8D11-00A0C91BC942}") = "compile_grammar", "compile_grammar\compile_grammar.vcxproj", "{AA710040-9FF4-4422-97DD-6904C8B3FE0C}"
EndProject
Project("{8BC9CEB8-8B4A-11D0-8D11-00A0C91BC942}") = "compile_struct_hpp", "compile_struct_hpp\compile_struct_hpp.vcxproj", "{D68FE2FC-2BA8-4A32-8CF8-3DDCD79B34D9}"
EndProject
Global
	GlobalSection(SolutionConfigurationPlatforms) = preSolution
		Debug|x64 = Debug|x64
		Debug|x86 = Debug|x86
		Release|x64 = Release|x64
		Release|x86 = Release|x86
	EndGlobalSection
	GlobalSection(ProjectConfigurationPlatforms) = postSolution
		{DF22B687-7D98-4035-8C21-EB5123514ECC}.Debug|x64.ActiveCfg = Debug|x64
		{DF22B687-7D98-4035-8C21-EB5123514ECC}.Debug|x64.Build.0 = Debug|x64
		{DF22B687-7D98-4035-8C21-EB5123514ECC}.Debug|x86.ActiveCfg = Debug|Win32
		{DF22B687-7D98-4035-8C21-EB5123514ECC}.Debug|x86.Build.0 = Debug|Win32
		{DF22B687-7D98-4035-8C21-EB5123514ECC}.Release|x64.ActiveCfg = Release|x64
		{DF22B687-7D98-4035-8C21-EB5123514ECC}.Release|x64.Build.0 = Release|x64
		{DF22B687-7D98-4035-8C21-EB5123514ECC}.Release|x86.ActiveCfg = Release|Win32
		{DF22B687-7D98-4035-8C21-EB5123514ECC}.Release|x86.Build.0 = Release|Win32
		{7E9D27BE-68E7-4931-AE43-26C00CAECEDF}.Debug|x64.ActiveCfg = Debug|x64
		{7E9D27BE-68E7-4931-AE43-26C00CAECEDF}.Debug|x64.Build.0 = Debug|x64
		{7E9D27BE-68E7-4931-AE43-26C00CAECEDF}.Debug|x86.ActiveCfg = Debug|Win32
		{7E9D27BE-68E7-4931-AE43-26C00CAECEDF}.Debug|x86.Build.0 = Debug|Win32
		{7E9D27BE-68E7-4931-AE43-26C00CAECEDF}.Release|x64.ActiveCfg = Release|x64
		{7E9D27BE-68E7-4931-AE43-26C00CAECEDF}.Release|x64.Build.0 = Release|x64
		{7E9D27BE-68E7-4931-AE43-26C00CAECEDF}.Release|x86.ActiveCfg = Release|Win32
		{7E9D27BE-68E7-4931-AE43-26C00CAECEDF}.Release|x86.Build.0 = Release|Win32
		{905AE6DD-3E3B-43BE-B9B3-21F2221B29E8}.Debug|x64.ActiveCfg = Debug|x64
		{905AE6DD-3E3B-43BE-B9B3-21F2221B29E8}.Debug|x64.Build.0 = Debug|x64
		{905AE6DD-3E3B-43BE-B9B3-21F2221B29E8}.Debug|x86.ActiveCfg = Debug|Win32
		{905AE6DD-3E3B-43BE-B9B3-21F2221B29E8}.Debug|x86.Build.0 = Debug|Win32
		{905AE6DD-3E3B-43BE-B9B3-21F2221B29E8}.Release|x64.ActiveCfg = Release|x64
		{905AE6DD-3E3B-43BE-B9B3-21F2221B29E8}.Release|x64.Build.0 = Release|x64
		{905AE6DD-3E3B-43BE-B9B3-21F2221B29E8}.Release|x86.ActiveCfg = Release|Win32
		{905AE6DD-3E3B-43BE-B9B3-21F2221B29E8}.Release|x86.Build.0 = Release|Win32
		{AA710040-9FF4-4422-97DD-6904C8B3FE0C}.Debug|x64.ActiveCfg = Debug|x64
		{AA710040-9FF4-4422-97DD-6904C8B3FE0C}.Debug|x64.Build.0 = Debug|x64
		{AA710040-9FF4-4422-97DD-6904C8B3FE0C}.Debug|x86.ActiveCfg = Debug|Win32
		{AA710040-9FF4-4422-97DD-6904C8B3FE0C}.Debug|x86.Build.0 = Debug|Win32
		{AA710040-9FF4-4422-97DD-6904C8B3FE0C}.Release|x64.ActiveCfg = Release|x64
		{AA710040-9FF4-4422-97DD-6904C8B3FE0C}.Release|x64.Build.0 = Release|x64
		{AA710040-9FF4-4422-97DD-6904C8B3FE0C}.Release|x86.ActiveCfg = Release|Win32
		{AA710040-9FF4-4422-97DD-6904C8B3FE0C}.Release|x86.Build.0 = Release|Win32
		{D68FE2FC-2BA8-4A32-8CF8-3DDCD79B34D9}.Debug|x64.ActiveCfg = Debug|x64
		{D68FE2FC-2BA8-4A32-8CF8-3DDCD79B34D9}.Debug|x64.Build.0 = Debug|x64
		{D68FE2FC-2BA8-4A32-8CF8-3DDCD79B34D9}.Debug|x86.ActiveCfg = Debug|Win32
		{D68FE2FC-2BA8-4A32-8CF8-3DDCD79B34D9}.Debug|x86.Build.0 = Debug|Win32
		{D68FE2FC-2BA8-4A32-8CF8-3DDCD79B34D9}.Release|x64.ActiveCfg = Release|x64
		{D68FE2FC-2BA8-4A32-8CF8-3DDCD79B34D9}.Release|x64.Build.0 = Release|x64
		{D68FE2FC-2BA8-4A32-8CF8-3DDCD79B34D9}.Release|x86.ActiveCfg = Release|Win32
		{D68FE2FC-2BA8-4A32-8CF8-3DDCD79B34D9}.Release|x86.Build.0 = Release|Win32
	EndGlobalSection
	GlobalSection(SolutionProperties) = preSolution
		HideSolutionNode = FALSE
	EndGlobalSection
	GlobalSection(ExtensibilityGlobals) = postSolution
		SolutionGuid = {47811875-A2ED-439D-8E51-C30079F85C28}
	EndGlobalSection
EndGlobal
